{
  "name": "IguideME",
  "lockfileVersion": 2,
  "requires": true,
  "packages": {
    "": {
      "dependencies": {
        "ztypescript": "https://github.com/everydayanchovies/ztypescript"
      }
    },
    "node_modules/ztypescript": {
      "version": "1.0.0",
      "resolved": "git+ssh://git@github.com/everydayanchovies/ztypescript.git",
      "integrity": "sha512-dtz4zafuxh2NGuGffHXWT87vB1/XpN4798Y00QQwg6CtJuCoensOrXLmtG7I1jAkbPvvBYPlaSsnjrdL6Wg9QA==",
      "license": "MIT"
    }
  },
  "dependencies": {
    "ztypescript": {
      "version": "git+ssh://git@github.com/everydayanchovies/ztypescript.git",
      "integrity": "sha512-dtz4zafuxh2NGuGffHXWT87vB1/XpN4798Y00QQwg6CtJuCoensOrXLmtG7I1jAkbPvvBYPlaSsnjrdL6Wg9QA==",
      "from": "ztypescript@https://github.com/everydayanchovies/ztypescript"
    }
  }
}
