{
  "name": "IguideME",
  "lockfileVersion": 2,
  "requires": true,
  "packages": {
    "": {
      "dependencies": {
        "ztypescript": "https://github.com/everydayanchovies/ztypescript"
      }
    },
    "node_modules/ztypescript": {
      "version": "1.0.0",
      "resolved": "git+ssh://git@github.com/everydayanchovies/ztypescript.git#658e5208dbdefe7843e4d42aa64c4b2d2dcf2294",
      "license": "MIT"
    }
  },
  "dependencies": {
    "ztypescript": {
      "version": "git+ssh://git@github.com/everydayanchovies/ztypescript.git#658e5208dbdefe7843e4d42aa64c4b2d2dcf2294",
      "from": "ztypescript@https://github.com/everydayanchovies/ztypescript"
    }
  }
}
