# THIS IS AN AUTOGENERATED FILE. DO NOT EDIT THIS FILE DIRECTLY.
# yarn lockfile v1


"ztypescript@https://github.com/everydayanchovies/ztypescript":
  "integrity" "sha512-dtz4zafuxh2NGuGffHXWT87vB1/XpN4798Y00QQwg6CtJuCoensOrXLmtG7I1jAkbPvvBYPlaSsnjrdL6Wg9QA=="
  "resolved" "git+ssh://git@github.com/everydayanchovies/ztypescript.git"
  "version" "1.0.0"
